// !$*UTF8*$!
{
	archiveVersion = 1;
	classes = {
	};
	objectVersion = 56;
	objects = {

/* Begin PBXBuildFile section */
		29E2B5182B1A56EC00316595 /* buildNetflixApp.swift in Sources */ = {isa = PBXBuildFile; fileRef = 29E2B5172B1A56EC00316595 /* buildNetflixApp.swift */; };
		29E2B51A2B1A56EC00316595 /* ContentView.swift in Sources */ = {isa = PBXBuildFile; fileRef = 29E2B5192B1A56EC00316595 /* ContentView.swift */; };
		29E2B51C2B1A56EE00316595 /* Assets.xcassets in Resources */ = {isa = PBXBuildFile; fileRef = 29E2B51B2B1A56ED00316595 /* Assets.xcassets */; };
		29E2B51F2B1A56EE00316595 /* Preview Assets.xcassets in Resources */ = {isa = PBXBuildFile; fileRef = 29E2B51E2B1A56EE00316595 /* Preview Assets.xcassets */; };
		29E2B5292B1A56EE00316595 /* buildNetflixTests.swift in Sources */ = {isa = PBXBuildFile; fileRef = 29E2B5282B1A56EE00316595 /* buildNetflixTests.swift */; };
		29E2B5332B1A56EE00316595 /* buildNetflixUITests.swift in Sources */ = {isa = PBXBuildFile; fileRef = 29E2B5322B1A56EE00316595 /* buildNetflixUITests.swift */; };
		29E2B5352B1A56EE00316595 /* buildNetflixUITestsLaunchTests.swift in Sources */ = {isa = PBXBuildFile; fileRef = 29E2B5342B1A56EE00316595 /* buildNetflixUITestsLaunchTests.swift */; };
		29E2B5462B1A58BA00316595 /* Kingfisher in Frameworks */ = {isa = PBXBuildFile; productRef = 29E2B5452B1A58BA00316595 /* Kingfisher */; };
		29E2B5482B1A593200316595 /* HomeView.swift in Sources */ = {isa = PBXBuildFile; fileRef = 29E2B5472B1A593200316595 /* HomeView.swift */; };
		29E2B54A2B1A595600316595 /* Movie.swift in Sources */ = {isa = PBXBuildFile; fileRef = 29E2B5492B1A595600316595 /* Movie.swift */; };
		29E2B54C2B1A598E00316595 /* StandardHomeMovie.swift in Sources */ = {isa = PBXBuildFile; fileRef = 29E2B54B2B1A598E00316595 /* StandardHomeMovie.swift */; };
		29E2B54E2B1A59C600316595 /* GlobalHelpers.swift in Sources */ = {isa = PBXBuildFile; fileRef = 29E2B54D2B1A59C600316595 /* GlobalHelpers.swift */; };
		29E2B5502B1A5B8600316595 /* HomeVM.swift in Sources */ = {isa = PBXBuildFile; fileRef = 29E2B54F2B1A5B8600316595 /* HomeVM.swift */; };
/* End PBXBuildFile section */

/* Begin PBXContainerItemProxy section */
		29E2B5252B1A56EE00316595 /* PBXContainerItemProxy */ = {
			isa = PBXContainerItemProxy;
			containerPortal = 29E2B50C2B1A56EC00316595 /* Project object */;
			proxyType = 1;
			remoteGlobalIDString = 29E2B5132B1A56EC00316595;
			remoteInfo = buildNetflix;
		};
		29E2B52F2B1A56EE00316595 /* PBXContainerItemProxy */ = {
			isa = PBXContainerItemProxy;
			containerPortal = 29E2B50C2B1A56EC00316595 /* Project object */;
			proxyType = 1;
			remoteGlobalIDString = 29E2B5132B1A56EC00316595;
			remoteInfo = buildNetflix;
		};
/* End PBXContainerItemProxy section */

/* Begin PBXFileReference section */
		29E2B5142B1A56EC00316595 /* buildNetflix.app */ = {isa = PBXFileReference; explicitFileType = wrapper.application; includeInIndex = 0; path = buildNetflix.app; sourceTree = BUILT_PRODUCTS_DIR; };
		29E2B5172B1A56EC00316595 /* buildNetflixApp.swift */ = {isa = PBXFileReference; lastKnownFileType = sourcecode.swift; path = buildNetflixApp.swift; sourceTree = "<group>"; };
		29E2B5192B1A56EC00316595 /* ContentView.swift */ = {isa = PBXFileReference; lastKnownFileType = sourcecode.swift; path = ContentView.swift; sourceTree = "<group>"; };
		29E2B51B2B1A56ED00316595 /* Assets.xcassets */ = {isa = PBXFileReference; lastKnownFileType = folder.assetcatalog; path = Assets.xcassets; sourceTree = "<group>"; };
		29E2B51E2B1A56EE00316595 /* Preview Assets.xcassets */ = {isa = PBXFileReference; lastKnownFileType = folder.assetcatalog; path = "Preview Assets.xcassets"; sourceTree = "<group>"; };
		29E2B5242B1A56EE00316595 /* buildNetflixTests.xctest */ = {isa = PBXFileReference; explicitFileType = wrapper.cfbundle; includeInIndex = 0; path = buildNetflixTests.xctest; sourceTree = BUILT_PRODUCTS_DIR; };
		29E2B5282B1A56EE00316595 /* buildNetflixTests.swift */ = {isa = PBXFileReference; lastKnownFileType = sourcecode.swift; path = buildNetflixTests.swift; sourceTree = "<group>"; };
		29E2B52E2B1A56EE00316595 /* buildNetflixUITests.xctest */ = {isa = PBXFileReference; explicitFileType = wrapper.cfbundle; includeInIndex = 0; path = buildNetflixUITests.xctest; sourceTree = BUILT_PRODUCTS_DIR; };
		29E2B5322B1A56EE00316595 /* buildNetflixUITests.swift */ = {isa = PBXFileReference; lastKnownFileType = sourcecode.swift; path = buildNetflixUITests.swift; sourceTree = "<group>"; };
		29E2B5342B1A56EE00316595 /* buildNetflixUITestsLaunchTests.swift */ = {isa = PBXFileReference; lastKnownFileType = sourcecode.swift; path = buildNetflixUITestsLaunchTests.swift; sourceTree = "<group>"; };
		29E2B5472B1A593200316595 /* HomeView.swift */ = {isa = PBXFileReference; lastKnownFileType = sourcecode.swift; path = HomeView.swift; sourceTree = "<group>"; };
		29E2B5492B1A595600316595 /* Movie.swift */ = {isa = PBXFileReference; lastKnownFileType = sourcecode.swift; path = Movie.swift; sourceTree = "<group>"; };
		29E2B54B2B1A598E00316595 /* StandardHomeMovie.swift */ = {isa = PBXFileReference; lastKnownFileType = sourcecode.swift; path = StandardHomeMovie.swift; sourceTree = "<group>"; };
		29E2B54D2B1A59C600316595 /* GlobalHelpers.swift */ = {isa = PBXFileReference; lastKnownFileType = sourcecode.swift; path = GlobalHelpers.swift; sourceTree = "<group>"; };
		29E2B54F2B1A5B8600316595 /* HomeVM.swift */ = {isa = PBXFileReference; lastKnownFileType = sourcecode.swift; path = HomeVM.swift; sourceTree = "<group>"; };
/* End PBXFileReference section */

/* Begin PBXFrameworksBuildPhase section */
		29E2B5112B1A56EC00316595 /* Frameworks */ = {
			isa = PBXFrameworksBuildPhase;
			buildActionMask = 2147483647;
			files = (
				29E2B5462B1A58BA00316595 /* Kingfisher in Frameworks */,
			);
			runOnlyForDeploymentPostprocessing = 0;
		};
		29E2B5212B1A56EE00316595 /* Frameworks */ = {
			isa = PBXFrameworksBuildPhase;
			buildActionMask = 2147483647;
			files = (
			);
			runOnlyForDeploymentPostprocessing = 0;
		};
		29E2B52B2B1A56EE00316595 /* Frameworks */ = {
			isa = PBXFrameworksBuildPhase;
			buildActionMask = 2147483647;
			files = (
			);
			runOnlyForDeploymentPostprocessing = 0;
		};
/* End PBXFrameworksBuildPhase section */

/* Begin PBXGroup section */
		29E2B50B2B1A56EC00316595 = {
			isa = PBXGroup;
			children = (
				29E2B5162B1A56EC00316595 /* buildNetflix */,
				29E2B5272B1A56EE00316595 /* buildNetflixTests */,
				29E2B5312B1A56EE00316595 /* buildNetflixUITests */,
				29E2B5152B1A56EC00316595 /* Products */,
			);
			sourceTree = "<group>";
		};
		29E2B5152B1A56EC00316595 /* Products */ = {
			isa = PBXGroup;
			children = (
				29E2B5142B1A56EC00316595 /* buildNetflix.app */,
				29E2B5242B1A56EE00316595 /* buildNetflixTests.xctest */,
				29E2B52E2B1A56EE00316595 /* buildNetflixUITests.xctest */,
			);
			name = Products;
			sourceTree = "<group>";
		};
		29E2B5162B1A56EC00316595 /* buildNetflix */ = {
			isa = PBXGroup;
			children = (
				29E2B5472B1A593200316595 /* HomeView.swift */,
				29E2B54F2B1A5B8600316595 /* HomeVM.swift */,
				29E2B5172B1A56EC00316595 /* buildNetflixApp.swift */,
				29E2B5192B1A56EC00316595 /* ContentView.swift */,
				29E2B51B2B1A56ED00316595 /* Assets.xcassets */,
				29E2B51D2B1A56EE00316595 /* Preview Content */,
				29E2B5492B1A595600316595 /* Movie.swift */,
				29E2B54B2B1A598E00316595 /* StandardHomeMovie.swift */,
				29E2B54D2B1A59C600316595 /* GlobalHelpers.swift */,
			);
			path = buildNetflix;
			sourceTree = "<group>";
		};
		29E2B51D2B1A56EE00316595 /* Preview Content */ = {
			isa = PBXGroup;
			children = (
				29E2B51E2B1A56EE00316595 /* Preview Assets.xcassets */,
			);
			path = "Preview Content";
			sourceTree = "<group>";
		};
		29E2B5272B1A56EE00316595 /* buildNetflixTests */ = {
			isa = PBXGroup;
			children = (
				29E2B5282B1A56EE00316595 /* buildNetflixTests.swift */,
			);
			path = buildNetflixTests;
			sourceTree = "<group>";
		};
		29E2B5312B1A56EE00316595 /* buildNetflixUITests */ = {
			isa = PBXGroup;
			children = (
				29E2B5322B1A56EE00316595 /* buildNetflixUITests.swift */,
				29E2B5342B1A56EE00316595 /* buildNetflixUITestsLaunchTests.swift */,
			);
			path = buildNetflixUITests;
			sourceTree = "<group>";
		};
/* End PBXGroup section */

/* Begin PBXNativeTarget section */
		29E2B5132B1A56EC00316595 /* buildNetflix */ = {
			isa = PBXNativeTarget;
			buildConfigurationList = 29E2B5382B1A56EE00316595 /* Build configuration list for PBXNativeTarget "buildNetflix" */;
			buildPhases = (
				29E2B5102B1A56EC00316595 /* Sources */,
				29E2B5112B1A56EC00316595 /* Frameworks */,
				29E2B5122B1A56EC00316595 /* Resources */,
			);
			buildRules = (
			);
			dependencies = (
			);
			name = buildNetflix;
			packageProductDependencies = (
				29E2B5452B1A58BA00316595 /* Kingfisher */,
			);
			productName = buildNetflix;
			productReference = 29E2B5142B1A56EC00316595 /* buildNetflix.app */;
			productType = "com.apple.product-type.application";
		};
		29E2B5232B1A56EE00316595 /* buildNetflixTests */ = {
			isa = PBXNativeTarget;
			buildConfigurationList = 29E2B53B2B1A56EE00316595 /* Build configuration list for PBXNativeTarget "buildNetflixTests" */;
			buildPhases = (
				29E2B5202B1A56EE00316595 /* Sources */,
				29E2B5212B1A56EE00316595 /* Frameworks */,
				29E2B5222B1A56EE00316595 /* Resources */,
			);
			buildRules = (
			);
			dependencies = (
				29E2B5262B1A56EE00316595 /* PBXTargetDependency */,
			);
			name = buildNetflixTests;
			productName = buildNetflixTests;
			productReference = 29E2B5242B1A56EE00316595 /* buildNetflixTests.xctest */;
			productType = "com.apple.product-type.bundle.unit-test";
		};
		29E2B52D2B1A56EE00316595 /* buildNetflixUITests */ = {
			isa = PBXNativeTarget;
			buildConfigurationList = 29E2B53E2B1A56EE00316595 /* Build configuration list for PBXNativeTarget "buildNetflixUITests" */;
			buildPhases = (
				29E2B52A2B1A56EE00316595 /* Sources */,
				29E2B52B2B1A56EE00316595 /* Frameworks */,
				29E2B52C2B1A56EE00316595 /* Resources */,
			);
			buildRules = (
			);
			dependencies = (
				29E2B5302B1A56EE00316595 /* PBXTargetDependency */,
			);
			name = buildNetflixUITests;
			productName = buildNetflixUITests;
			productReference = 29E2B52E2B1A56EE00316595 /* buildNetflixUITests.xctest */;
			productType = "com.apple.product-type.bundle.ui-testing";
		};
/* End PBXNativeTarget section */

/* Begin PBXProject section */
		29E2B50C2B1A56EC00316595 /* Project object */ = {
			isa = PBXProject;
			attributes = {
				BuildIndependentTargetsInParallel = 1;
				LastSwiftUpdateCheck = 1500;
				LastUpgradeCheck = 1500;
				TargetAttributes = {
					29E2B5132B1A56EC00316595 = {
						CreatedOnToolsVersion = 15.0.1;
					};
					29E2B5232B1A56EE00316595 = {
						CreatedOnToolsVersion = 15.0.1;
						TestTargetID = 29E2B5132B1A56EC00316595;
					};
					29E2B52D2B1A56EE00316595 = {
						CreatedOnToolsVersion = 15.0.1;
						TestTargetID = 29E2B5132B1A56EC00316595;
					};
				};
			};
			buildConfigurationList = 29E2B50F2B1A56EC00316595 /* Build configuration list for PBXProject "buildNetflix" */;
			compatibilityVersion = "Xcode 14.0";
			developmentRegion = en;
			hasScannedForEncodings = 0;
			knownRegions = (
				en,
				Base,
			);
			mainGroup = 29E2B50B2B1A56EC00316595;
			packageReferences = (
				29E2B5442B1A58BA00316595 /* XCRemoteSwiftPackageReference "Kingfisher" */,
			);
			productRefGroup = 29E2B5152B1A56EC00316595 /* Products */;
			projectDirPath = "";
			projectRoot = "";
			targets = (
				29E2B5132B1A56EC00316595 /* buildNetflix */,
				29E2B5232B1A56EE00316595 /* buildNetflixTests */,
				29E2B52D2B1A56EE00316595 /* buildNetflixUITests */,
			);
		};
/* End PBXProject section */

/* Begin PBXResourcesBuildPhase section */
		29E2B5122B1A56EC00316595 /* Resources */ = {
			isa = PBXResourcesBuildPhase;
			buildActionMask = 2147483647;
			files = (
				29E2B51F2B1A56EE00316595 /* Preview Assets.xcassets in Resources */,
				29E2B51C2B1A56EE00316595 /* Assets.xcassets in Resources */,
			);
			runOnlyForDeploymentPostprocessing = 0;
		};
		29E2B5222B1A56EE00316595 /* Resources */ = {
			isa = PBXResourcesBuildPhase;
			buildActionMask = 2147483647;
			files = (
			);
			runOnlyForDeploymentPostprocessing = 0;
		};
		29E2B52C2B1A56EE00316595 /* Resources */ = {
			isa = PBXResourcesBuildPhase;
			buildActionMask = 2147483647;
			files = (
			);
			runOnlyForDeploymentPostprocessing = 0;
		};
/* End PBXResourcesBuildPhase section */

/* Begin PBXSourcesBuildPhase section */
		29E2B5102B1A56EC00316595 /* Sources */ = {
			isa = PBXSourcesBuildPhase;
			buildActionMask = 2147483647;
			files = (
				29E2B54E2B1A59C600316595 /* GlobalHelpers.swift in Sources */,
				29E2B5482B1A593200316595 /* HomeView.swift in Sources */,
				29E2B5502B1A5B8600316595 /* HomeVM.swift in Sources */,
				29E2B51A2B1A56EC00316595 /* ContentView.swift in Sources */,
				29E2B54C2B1A598E00316595 /* StandardHomeMovie.swift in Sources */,
				29E2B54A2B1A595600316595 /* Movie.swift in Sources */,
				29E2B5182B1A56EC00316595 /* buildNetflixApp.swift in Sources */,
			);
			runOnlyForDeploymentPostprocessing = 0;
		};
		29E2B5202B1A56EE00316595 /* Sources */ = {
			isa = PBXSourcesBuildPhase;
			buildActionMask = 2147483647;
			files = (
				29E2B5292B1A56EE00316595 /* buildNetflixTests.swift in Sources */,
			);
			runOnlyForDeploymentPostprocessing = 0;
		};
		29E2B52A2B1A56EE00316595 /* Sources */ = {
			isa = PBXSourcesBuildPhase;
			buildActionMask = 2147483647;
			files = (
				29E2B5352B1A56EE00316595 /* buildNetflixUITestsLaunchTests.swift in Sources */,
				29E2B5332B1A56EE00316595 /* buildNetflixUITests.swift in Sources */,
			);
			runOnlyForDeploymentPostprocessing = 0;
		};
/* End PBXSourcesBuildPhase section */

/* Begin PBXTargetDependency section */
		29E2B5262B1A56EE00316595 /* PBXTargetDependency */ = {
			isa = PBXTargetDependency;
			target = 29E2B5132B1A56EC00316595 /* buildNetflix */;
			targetProxy = 29E2B5252B1A56EE00316595 /* PBXContainerItemProxy */;
		};
		29E2B5302B1A56EE00316595 /* PBXTargetDependency */ = {
			isa = PBXTargetDependency;
			target = 29E2B5132B1A56EC00316595 /* buildNetflix */;
			targetProxy = 29E2B52F2B1A56EE00316595 /* PBXContainerItemProxy */;
		};
/* End PBXTargetDependency section */

/* Begin XCBuildConfiguration section */
		29E2B5362B1A56EE00316595 /* Debug */ = {
			isa = XCBuildConfiguration;
			buildSettings = {
				ALWAYS_SEARCH_USER_PATHS = NO;
				ASSETCATALOG_COMPILER_GENERATE_SWIFT_ASSET_SYMBOL_EXTENSIONS = YES;
				CLANG_ANALYZER_NONNULL = YES;
				CLANG_ANALYZER_NUMBER_OBJECT_CONVERSION = YES_AGGRESSIVE;
				CLANG_CXX_LANGUAGE_STANDARD = "gnu++20";
				CLANG_ENABLE_MODULES = YES;
				CLANG_ENABLE_OBJC_ARC = YES;
				CLANG_ENABLE_OBJC_WEAK = YES;
				CLANG_WARN_BLOCK_CAPTURE_AUTORELEASING = YES;
				CLANG_WARN_BOOL_CONVERSION = YES;
				CLANG_WARN_COMMA = YES;
				CLANG_WARN_CONSTANT_CONVERSION = YES;
				CLANG_WARN_DEPRECATED_OBJC_IMPLEMENTATIONS = YES;
				CLANG_WARN_DIRECT_OBJC_ISA_USAGE = YES_ERROR;
				CLANG_WARN_DOCUMENTATION_COMMENTS = YES;
				CLANG_WARN_EMPTY_BODY = YES;
				CLANG_WARN_ENUM_CONVERSION = YES;
				CLANG_WARN_INFINITE_RECURSION = YES;
				CLANG_WARN_INT_CONVERSION = YES;
				CLANG_WARN_NON_LITERAL_NULL_CONVERSION = YES;
				CLANG_WARN_OBJC_IMPLICIT_RETAIN_SELF = YES;
				CLANG_WARN_OBJC_LITERAL_CONVERSION = YES;
				CLANG_WARN_OBJC_ROOT_CLASS = YES_ERROR;
				CLANG_WARN_QUOTED_INCLUDE_IN_FRAMEWORK_HEADER = YES;
				CLANG_WARN_RANGE_LOOP_ANALYSIS = YES;
				CLANG_WARN_STRICT_PROTOTYPES = YES;
				CLANG_WARN_SUSPICIOUS_MOVE = YES;
				CLANG_WARN_UNGUARDED_AVAILABILITY = YES_AGGRESSIVE;
				CLANG_WARN_UNREACHABLE_CODE = YES;
				CLANG_WARN__DUPLICATE_METHOD_MATCH = YES;
				COPY_PHASE_STRIP = NO;
				DEBUG_INFORMATION_FORMAT = dwarf;
				ENABLE_STRICT_OBJC_MSGSEND = YES;
				ENABLE_TESTABILITY = YES;
				ENABLE_USER_SCRIPT_SANDBOXING = YES;
				GCC_C_LANGUAGE_STANDARD = gnu17;
				GCC_DYNAMIC_NO_PIC = NO;
				GCC_NO_COMMON_BLOCKS = YES;
				GCC_OPTIMIZATION_LEVEL = 0;
				GCC_PREPROCESSOR_DEFINITIONS = (
					"DEBUG=1",
					"$(inherited)",
				);
				GCC_WARN_64_TO_32_BIT_CONVERSION = YES;
				GCC_WARN_ABOUT_RETURN_TYPE = YES_ERROR;
				GCC_WARN_UNDECLARED_SELECTOR = YES;
				GCC_WARN_UNINITIALIZED_AUTOS = YES_AGGRESSIVE;
				GCC_WARN_UNUSED_FUNCTION = YES;
				GCC_WARN_UNUSED_VARIABLE = YES;
				IPHONEOS_DEPLOYMENT_TARGET = 17.0;
				LOCALIZATION_PREFERS_STRING_CATALOGS = YES;
				MTL_ENABLE_DEBUG_INFO = INCLUDE_SOURCE;
				MTL_FAST_MATH = YES;
				ONLY_ACTIVE_ARCH = YES;
				SDKROOT = iphoneos;
				SWIFT_ACTIVE_COMPILATION_CONDITIONS = "DEBUG $(inherited)";
				SWIFT_OPTIMIZATION_LEVEL = "-Onone";
			};
			name = Debug;
		};
		29E2B5372B1A56EE00316595 /* Release */ = {
			isa = XCBuildConfiguration;
			buildSettings = {
				ALWAYS_SEARCH_USER_PATHS = NO;
				ASSETCATALOG_COMPILER_GENERATE_SWIFT_ASSET_SYMBOL_EXTENSIONS = YES;
				CLANG_ANALYZER_NONNULL = YES;
				CLANG_ANALYZER_NUMBER_OBJECT_CONVERSION = YES_AGGRESSIVE;
				CLANG_CXX_LANGUAGE_STANDARD = "gnu++20";
				CLANG_ENABLE_MODULES = YES;
				CLANG_ENABLE_OBJC_ARC = YES;
				CLANG_ENABLE_OBJC_WEAK = YES;
				CLANG_WARN_BLOCK_CAPTURE_AUTORELEASING = YES;
				CLANG_WARN_BOOL_CONVERSION = YES;
				CLANG_WARN_COMMA = YES;
				CLANG_WARN_CONSTANT_CONVERSION = YES;
				CLANG_WARN_DEPRECATED_OBJC_IMPLEMENTATIONS = YES;
				CLANG_WARN_DIRECT_OBJC_ISA_USAGE = YES_ERROR;
				CLANG_WARN_DOCUMENTATION_COMMENTS = YES;
				CLANG_WARN_EMPTY_BODY = YES;
				CLANG_WARN_ENUM_CONVERSION = YES;
				CLANG_WARN_INFINITE_RECURSION = YES;
				CLANG_WARN_INT_CONVERSION = YES;
				CLANG_WARN_NON_LITERAL_NULL_CONVERSION = YES;
				CLANG_WARN_OBJC_IMPLICIT_RETAIN_SELF = YES;
				CLANG_WARN_OBJC_LITERAL_CONVERSION = YES;
				CLANG_WARN_OBJC_ROOT_CLASS = YES_ERROR;
				CLANG_WARN_QUOTED_INCLUDE_IN_FRAMEWORK_HEADER = YES;
				CLANG_WARN_RANGE_LOOP_ANALYSIS = YES;
				CLANG_WARN_STRICT_PROTOTYPES = YES;
				CLANG_WARN_SUSPICIOUS_MOVE = YES;
				CLANG_WARN_UNGUARDED_AVAILABILITY = YES_AGGRESSIVE;
				CLANG_WARN_UNREACHABLE_CODE = YES;
				CLANG_WARN__DUPLICATE_METHOD_MATCH = YES;
				COPY_PHASE_STRIP = NO;
				DEBUG_INFORMATION_FORMAT = "dwarf-with-dsym";
				ENABLE_NS_ASSERTIONS = NO;
				ENABLE_STRICT_OBJC_MSGSEND = YES;
				ENABLE_USER_SCRIPT_SANDBOXING = YES;
				GCC_C_LANGUAGE_STANDARD = gnu17;
				GCC_NO_COMMON_BLOCKS = YES;
				GCC_WARN_64_TO_32_BIT_CONVERSION = YES;
				GCC_WARN_ABOUT_RETURN_TYPE = YES_ERROR;
				GCC_WARN_UNDECLARED_SELECTOR = YES;
				GCC_WARN_UNINITIALIZED_AUTOS = YES_AGGRESSIVE;
				GCC_WARN_UNUSED_FUNCTION = YES;
				GCC_WARN_UNUSED_VARIABLE = YES;
				IPHONEOS_DEPLOYMENT_TARGET = 17.0;
				LOCALIZATION_PREFERS_STRING_CATALOGS = YES;
				MTL_ENABLE_DEBUG_INFO = NO;
				MTL_FAST_MATH = YES;
				SDKROOT = iphoneos;
				SWIFT_COMPILATION_MODE = wholemodule;
				VALIDATE_PRODUCT = YES;
			};
			name = Release;
		};
		29E2B5392B1A56EE00316595 /* Debug */ = {
			isa = XCBuildConfiguration;
			buildSettings = {
				ASSETCATALOG_COMPILER_APPICON_NAME = AppIcon;
				ASSETCATALOG_COMPILER_GLOBAL_ACCENT_COLOR_NAME = AccentColor;
				CODE_SIGN_STYLE = Automatic;
				CURRENT_PROJECT_VERSION = 1;
				DEVELOPMENT_ASSET_PATHS = "\"buildNetflix/Preview Content\"";
				DEVELOPMENT_TEAM = 4C32UJG2V7;
				ENABLE_PREVIEWS = YES;
				GENERATE_INFOPLIST_FILE = YES;
				INFOPLIST_KEY_UIApplicationSceneManifest_Generation = YES;
				INFOPLIST_KEY_UIApplicationSupportsIndirectInputEvents = YES;
				INFOPLIST_KEY_UILaunchScreen_Generation = YES;
				INFOPLIST_KEY_UISupportedInterfaceOrientations_iPad = "UIInterfaceOrientationPortrait UIInterfaceOrientationPortraitUpsideDown UIInterfaceOrientationLandscapeLeft UIInterfaceOrientationLandscapeRight";
				INFOPLIST_KEY_UISupportedInterfaceOrientations_iPhone = "UIInterfaceOrientationPortrait UIInterfaceOrientationLandscapeLeft UIInterfaceOrientationLandscapeRight";
				LD_RUNPATH_SEARCH_PATHS = (
					"$(inherited)",
					"@executable_path/Frameworks",
				);
				MARKETING_VERSION = 1.0;
				PRODUCT_BUNDLE_IDENTIFIER = com.mailbak36.buildNetflix;
				PRODUCT_NAME = "$(TARGET_NAME)";
				SWIFT_EMIT_LOC_STRINGS = YES;
				SWIFT_VERSION = 5.0;
				TARGETED_DEVICE_FAMILY = "1,2";
			};
			name = Debug;
		};
		29E2B53A2B1A56EE00316595 /* Release */ = {
			isa = XCBuildConfiguration;
			buildSettings = {
				ASSETCATALOG_COMPILER_APPICON_NAME = AppIcon;
				ASSETCATALOG_COMPILER_GLOBAL_ACCENT_COLOR_NAME = AccentColor;
				CODE_SIGN_STYLE = Automatic;
				CURRENT_PROJECT_VERSION = 1;
				DEVELOPMENT_ASSET_PATHS = "\"buildNetflix/Preview Content\"";
				DEVELOPMENT_TEAM = 4C32UJG2V7;
				ENABLE_PREVIEWS = YES;
				GENERATE_INFOPLIST_FILE = YES;
				INFOPLIST_KEY_UIApplicationSceneManifest_Generation = YES;
				INFOPLIST_KEY_UIApplicationSupportsIndirectInputEvents = YES;
				INFOPLIST_KEY_UILaunchScreen_Generation = YES;
				INFOPLIST_KEY_UISupportedInterfaceOrientations_iPad = "UIInterfaceOrientationPortrait UIInterfaceOrientationPortraitUpsideDown UIInterfaceOrientationLandscapeLeft UIInterfaceOrientationLandscapeRight";
				INFOPLIST_KEY_UISupportedInterfaceOrientations_iPhone = "UIInterfaceOrientationPortrait UIInterfaceOrientationLandscapeLeft UIInterfaceOrientationLandscapeRight";
				LD_RUNPATH_SEARCH_PATHS = (
					"$(inherited)",
					"@executable_path/Frameworks",
				);
				MARKETING_VERSION = 1.0;
				PRODUCT_BUNDLE_IDENTIFIER = com.mailbak36.buildNetflix;
				PRODUCT_NAME = "$(TARGET_NAME)";
				SWIFT_EMIT_LOC_STRINGS = YES;
				SWIFT_VERSION = 5.0;
				TARGETED_DEVICE_FAMILY = "1,2";
			};
			name = Release;
		};
		29E2B53C2B1A56EE00316595 /* Debug */ = {
			isa = XCBuildConfiguration;
			buildSettings = {
				ALWAYS_EMBED_SWIFT_STANDARD_LIBRARIES = YES;
				BUNDLE_LOADER = "$(TEST_HOST)";
				CODE_SIGN_STYLE = Automatic;
				CURRENT_PROJECT_VERSION = 1;
				DEVELOPMENT_TEAM = 4C32UJG2V7;
				GENERATE_INFOPLIST_FILE = YES;
				IPHONEOS_DEPLOYMENT_TARGET = 17.0;
				MARKETING_VERSION = 1.0;
				PRODUCT_BUNDLE_IDENTIFIER = com.mailbak36.buildNetflixTests;
				PRODUCT_NAME = "$(TARGET_NAME)";
				SWIFT_EMIT_LOC_STRINGS = NO;
				SWIFT_VERSION = 5.0;
				TARGETED_DEVICE_FAMILY = "1,2";
				TEST_HOST = "$(BUILT_PRODUCTS_DIR)/buildNetflix.app/$(BUNDLE_EXECUTABLE_FOLDER_PATH)/buildNetflix";
			};
			name = Debug;
		};
		29E2B53D2B1A56EE00316595 /* Release */ = {
			isa = XCBuildConfiguration;
			buildSettings = {
				ALWAYS_EMBED_SWIFT_STANDARD_LIBRARIES = YES;
				BUNDLE_LOADER = "$(TEST_HOST)";
				CODE_SIGN_STYLE = Automatic;
				CURRENT_PROJECT_VERSION = 1;
				DEVELOPMENT_TEAM = 4C32UJG2V7;
				GENERATE_INFOPLIST_FILE = YES;
				IPHONEOS_DEPLOYMENT_TARGET = 17.0;
				MARKETING_VERSION = 1.0;
				PRODUCT_BUNDLE_IDENTIFIER = com.mailbak36.buildNetflixTests;
				PRODUCT_NAME = "$(TARGET_NAME)";
				SWIFT_EMIT_LOC_STRINGS = NO;
				SWIFT_VERSION = 5.0;
				TARGETED_DEVICE_FAMILY = "1,2";
				TEST_HOST = "$(BUILT_PRODUCTS_DIR)/buildNetflix.app/$(BUNDLE_EXECUTABLE_FOLDER_PATH)/buildNetflix";
			};
			name = Release;
		};
		29E2B53F2B1A56EE00316595 /* Debug */ = {
			isa = XCBuildConfiguration;
			buildSettings = {
				ALWAYS_EMBED_SWIFT_STANDARD_LIBRARIES = YES;
				CODE_SIGN_STYLE = Automatic;
				CURRENT_PROJECT_VERSION = 1;
				DEVELOPMENT_TEAM = 4C32UJG2V7;
				GENERATE_INFOPLIST_FILE = YES;
				MARKETING_VERSION = 1.0;
				PRODUCT_BUNDLE_IDENTIFIER = com.mailbak36.buildNetflixUITests;
				PRODUCT_NAME = "$(TARGET_NAME)";
				SWIFT_EMIT_LOC_STRINGS = NO;
				SWIFT_VERSION = 5.0;
				TARGETED_DEVICE_FAMILY = "1,2";
				TEST_TARGET_NAME = buildNetflix;
			};
			name = Debug;
		};
		29E2B5402B1A56EE00316595 /* Release */ = {
			isa = XCBuildConfiguration;
			buildSettings = {
				ALWAYS_EMBED_SWIFT_STANDARD_LIBRARIES = YES;
				CODE_SIGN_STYLE = Automatic;
				CURRENT_PROJECT_VERSION = 1;
				DEVELOPMENT_TEAM = 4C32UJG2V7;
				GENERATE_INFOPLIST_FILE = YES;
				MARKETING_VERSION = 1.0;
				PRODUCT_BUNDLE_IDENTIFIER = com.mailbak36.buildNetflixUITests;
				PRODUCT_NAME = "$(TARGET_NAME)";
				SWIFT_EMIT_LOC_STRINGS = NO;
				SWIFT_VERSION = 5.0;
				TARGETED_DEVICE_FAMILY = "1,2";
				TEST_TARGET_NAME = buildNetflix;
			};
			name = Release;
		};
/* End XCBuildConfiguration section */

/* Begin XCConfigurationList section */
		29E2B50F2B1A56EC00316595 /* Build configuration list for PBXProject "buildNetflix" */ = {
			isa = XCConfigurationList;
			buildConfigurations = (
				29E2B5362B1A56EE00316595 /* Debug */,
				29E2B5372B1A56EE00316595 /* Release */,
			);
			defaultConfigurationIsVisible = 0;
			defaultConfigurationName = Release;
		};
		29E2B5382B1A56EE00316595 /* Build configuration list for PBXNativeTarget "buildNetflix" */ = {
			isa = XCConfigurationList;
			buildConfigurations = (
				29E2B5392B1A56EE00316595 /* Debug */,
				29E2B53A2B1A56EE00316595 /* Release */,
			);
			defaultConfigurationIsVisible = 0;
			defaultConfigurationName = Release;
		};
		29E2B53B2B1A56EE00316595 /* Build configuration list for PBXNativeTarget "buildNetflixTests" */ = {
			isa = XCConfigurationList;
			buildConfigurations = (
				29E2B53C2B1A56EE00316595 /* Debug */,
				29E2B53D2B1A56EE00316595 /* Release */,
			);
			defaultConfigurationIsVisible = 0;
			defaultConfigurationName = Release;
		};
		29E2B53E2B1A56EE00316595 /* Build configuration list for PBXNativeTarget "buildNetflixUITests" */ = {
			isa = XCConfigurationList;
			buildConfigurations = (
				29E2B53F2B1A56EE00316595 /* Debug */,
				29E2B5402B1A56EE00316595 /* Release */,
			);
			defaultConfigurationIsVisible = 0;
			defaultConfigurationName = Release;
		};
/* End XCConfigurationList section */

/* Begin XCRemoteSwiftPackageReference section */
		29E2B5442B1A58BA00316595 /* XCRemoteSwiftPackageReference "Kingfisher" */ = {
			isa = XCRemoteSwiftPackageReference;
			repositoryURL = "https://github.com/onevcat/Kingfisher.git";
			requirement = {
				kind = upToNextMajorVersion;
				minimumVersion = 7.10.0;
			};
		};
/* End XCRemoteSwiftPackageReference section */

/* Begin XCSwiftPackageProductDependency section */
		29E2B5452B1A58BA00316595 /* Kingfisher */ = {
			isa = XCSwiftPackageProductDependency;
			package = 29E2B5442B1A58BA00316595 /* XCRemoteSwiftPackageReference "Kingfisher" */;
			productName = Kingfisher;
		};
/* End XCSwiftPackageProductDependency section */
	};
	rootObject = 29E2B50C2B1A56EC00316595 /* Project object */;
}
